{
	"name": "chrome-wrap-gh-extension",
	"requires": true,
	"lockfileVersion": 1,
	"dependencies": {
		"@types/chrome": {
			"version": "0.0.65",
			"resolved": "https://registry.npmjs.org/@types/chrome/-/chrome-0.0.65.tgz",
			"integrity": "sha512-9B02LJqfwVhGZIAkK7vK2WZg2fdfyHJja2RB7KIQBE+iFaAB5MWt4m+eAhZkrrYPJLPUtR5VxY3fGO4IE1znpQ==",
			"dev": true,
			"requires": {
				"@types/filesystem": "0.0.28"
			}
		},
		"@types/filesystem": {
			"version": "0.0.28",
			"resolved": "https://registry.npmjs.org/@types/filesystem/-/filesystem-0.0.28.tgz",
			"integrity": "sha1-P9dzWDDyx0E8taxFeAvEWQRpew4=",
			"dev": true,
			"requires": {
				"@types/filewriter": "0.0.28"
			}
		},
		"@types/filewriter": {
			"version": "0.0.28",
			"resolved": "https://registry.npmjs.org/@types/filewriter/-/filewriter-0.0.28.tgz",
			"integrity": "sha1-wFTor02d11205jq8dviFFocU1LM=",
			"dev": true
		}
	}
}
